
Microsoft Visual Studio Solution File, Format Version 12.00
# Visual Studio 2013
VisualStudioVersion = 12.0.31101.0
MinimumVisualStudioVersion = 10.0.40219.1
Project("{FAE04EC0-301F-11D3-BF4B-00C04F79EFBC}") = "Ex.Core", "Ex.Core\Ex.Core.csproj", "{98322220-723A-4C68-8A73-23DA6BF405C9}"
EndProject
Project("{FAE04EC0-301F-11D3-BF4B-00C04F79EFBC}") = "Ex.Test.Unit", "Ex.Test.Unit\Ex.Test.Unit.csproj", "{5926B3EA-C49C-4D08-A0B8-A4F899892E6A}"
EndProject
Global
	GlobalSection(SolutionConfigurationPlatforms) = preSolution
		Debug|Any CPU = Debug|Any CPU
		Release|Any CPU = Release|Any CPU
	EndGlobalSection
	GlobalSection(ProjectConfigurationPlatforms) = postSolution
		{98322220-723A-4C68-8A73-23DA6BF405C9}.Debug|Any CPU.ActiveCfg = Debug|Any CPU
		{98322220-723A-4C68-8A73-23DA6BF405C9}.Debug|Any CPU.Build.0 = Debug|Any CPU
		{98322220-723A-4C68-8A73-23DA6BF405C9}.Release|Any CPU.ActiveCfg = Release|Any CPU
		{98322220-723A-4C68-8A73-23DA6BF405C9}.Release|Any CPU.Build.0 = Release|Any CPU
		{5926B3EA-C49C-4D08-A0B8-A4F899892E6A}.Debug|Any CPU.ActiveCfg = Debug|Any CPU
		{5926B3EA-C49C-4D08-A0B8-A4F899892E6A}.Debug|Any CPU.Build.0 = Debug|Any CPU
		{5926B3EA-C49C-4D08-A0B8-A4F899892E6A}.Release|Any CPU.ActiveCfg = Release|Any CPU
		{5926B3EA-C49C-4D08-A0B8-A4F899892E6A}.Release|Any CPU.Build.0 = Release|Any CPU
	EndGlobalSection
	GlobalSection(SolutionProperties) = preSolution
		HideSolutionNode = FALSE
	EndGlobalSection
EndGlobal
